
Microsoft Visual Studio Solution File, Format Version 12.00
# Visual Studio Version 17
VisualStudioVersion = 17.14.36518.9 d17.14
MinimumVisualStudioVersion = 10.0.40219.1
Project("{FAE04EC0-301F-11D3-BF4B-00C04F79EFBC}") = "ChatSocet", "ChatSocet\ChatSocet.csproj", "{DE44A4C9-85FA-4AF2-9C96-7D70F9287935}"
EndProject
Global
	GlobalSection(SolutionConfigurationPlatforms) = preSolution
		Debug|Any CPU = Debug|Any CPU
		Release|Any CPU = Release|Any CPU
	EndGlobalSection
	GlobalSection(ProjectConfigurationPlatforms) = postSolution
		{DE44A4C9-85FA-4AF2-9C96-7D70F9287935}.Debug|Any CPU.ActiveCfg = Debug|Any CPU
		{DE44A4C9-85FA-4AF2-9C96-7D70F9287935}.Debug|Any CPU.Build.0 = Debug|Any CPU
		{DE44A4C9-85FA-4AF2-9C96-7D70F9287935}.Release|Any CPU.ActiveCfg = Release|Any CPU
		{DE44A4C9-85FA-4AF2-9C96-7D70F9287935}.Release|Any CPU.Build.0 = Release|Any CPU
	EndGlobalSection
	GlobalSection(SolutionProperties) = preSolution
		HideSolutionNode = FALSE
	EndGlobalSection
	GlobalSection(ExtensibilityGlobals) = postSolution
		SolutionGuid = {314DF85C-0322-45B2-AC82-75AF98B468D1}
	EndGlobalSection
EndGlobal
